PODS:
  - ReactiveSwift (4.0.0):
    - Result (~> 4.0)
  - Realm (3.11.2):
    - Realm/Headers (= 3.11.2)
  - Realm/Headers (3.11.2)
  - RealmSwift (3.11.2):
    - Realm (= 3.11.2)
  - Result (4.0.0)
  - Swinject (2.5.0)

DEPENDENCIES:
  - ReactiveSwift
  - RealmSwift
  - Swinject

SPEC REPOS:
  https://github.com/cocoapods/specs.git:
    - ReactiveSwift
    - Realm
    - RealmSwift
    - Result
    - Swinject

SPEC CHECKSUMS:
  ReactiveSwift: a2bb9ace428a109e9c0209615645d9d286c8c433
  Realm: 864477d028db77f7c5a0cba64a4892ad53db128a
  RealmSwift: 12b8262fc08020b47de4fd88eb3d5c9425b34ec7
  Result: 7645bb3f50c2ce726dd0ff2fa7b6f42bbe6c3713
  Swinject: 82cdb851f63f91bba974e3eca1d69780f2f7677e

PODFILE CHECKSUM: 170aad1e291d706de19a6364768924eebf4e18fb

COCOAPODS: 1.5.3
